
Microsoft Visual Studio Solution File, Format Version 12.00
# Visual Studio Version 16
VisualStudioVersion = 16.0.32602.291
MinimumVisualStudioVersion = 10.0.40219.1
Project("{FAE04EC0-301F-11D3-BF4B-00C04F79EFBC}") = "TestProject", "TestProject\TestProject.csproj", "{EFB327DD-2DAA-4ACC-9C0B-E2A5C2D409DB}"
EndProject
Project("{FAE04EC0-301F-11D3-BF4B-00C04F79EFBC}") = "UnitTestProject1", "UnitTestProject1\UnitTestProject1.csproj", "{EE624DE6-2EE1-43EB-A913-1FE7DB020F1B}"
EndProject
Global
	GlobalSection(SolutionConfigurationPlatforms) = preSolution
		Debug|Any CPU = Debug|Any CPU
		Release|Any CPU = Release|Any CPU
	EndGlobalSection
	GlobalSection(ProjectConfigurationPlatforms) = postSolution
		{EFB327DD-2DAA-4ACC-9C0B-E2A5C2D409DB}.Debug|Any CPU.ActiveCfg = Debug|Any CPU
		{EFB327DD-2DAA-4ACC-9C0B-E2A5C2D409DB}.Debug|Any CPU.Build.0 = Debug|Any CPU
		{EFB327DD-2DAA-4ACC-9C0B-E2A5C2D409DB}.Release|Any CPU.ActiveCfg = Release|Any CPU
		{EFB327DD-2DAA-4ACC-9C0B-E2A5C2D409DB}.Release|Any CPU.Build.0 = Release|Any CPU
		{EE624DE6-2EE1-43EB-A913-1FE7DB020F1B}.Debug|Any CPU.ActiveCfg = Debug|Any CPU
		{EE624DE6-2EE1-43EB-A913-1FE7DB020F1B}.Debug|Any CPU.Build.0 = Debug|Any CPU
		{EE624DE6-2EE1-43EB-A913-1FE7DB020F1B}.Release|Any CPU.ActiveCfg = Release|Any CPU
		{EE624DE6-2EE1-43EB-A913-1FE7DB020F1B}.Release|Any CPU.Build.0 = Release|Any CPU
	EndGlobalSection
	GlobalSection(SolutionProperties) = preSolution
		HideSolutionNode = FALSE
	EndGlobalSection
	GlobalSection(ExtensibilityGlobals) = postSolution
		SolutionGuid = {A22EBD5F-9BED-4A49-89D2-325127476C9B}
	EndGlobalSection
EndGlobal
